lockfileVersion: '9.0'

settings:
  autoInstallPeers: true
  excludeLinksFromLockfile: false

importers:

  .:
    dependencies:
      web-tree-sitter:
        specifier: ^0.25.6
        version: 0.25.6
    devDependencies:
      '@types/node':
        specifier: ^24.0.12
        version: 24.0.12
      '@types/vscode':
        specifier: ^1.101.0
        version: 1.101.0
      typescript:
        specifier: ^5.8.3
        version: 5.8.3

packages:

  '@types/node@24.0.12':
    resolution: {integrity: sha512-LtOrbvDf5ndC9Xi+4QZjVL0woFymF/xSTKZKPgrrl7H7XoeDvnD+E2IclKVDyaK9UM756W/3BXqSU+JEHopA9g==}

  '@types/vscode@1.101.0':
    resolution: {integrity: sha512-ZWf0IWa+NGegdW3iU42AcDTFHWW7fApLdkdnBqwYEtHVIBGbTu0ZNQKP/kX3Ds/uMJXIMQNAojHR4vexCEEz5Q==}

  typescript@5.8.3:
    resolution: {integrity: sha512-p1diW6TqL9L07nNxvRMM7hMMw4c5XOo/1ibL4aAIGmSAt9slTE1Xgw5KWuof2uTOvCg9BY7ZRi+GaF+7sfgPeQ==}
    engines: {node: '>=14.17'}
    hasBin: true

  undici-types@7.8.0:
    resolution: {integrity: sha512-9UJ2xGDvQ43tYyVMpuHlsgApydB8ZKfVYTsLDhXkFL/6gfkp+U8xTGdh8pMJv1SpZna0zxG1DwsKZsreLbXBxw==}

  web-tree-sitter@0.25.6:
    resolution: {integrity: sha512-WG+/YGbxw8r+rLlzzhV+OvgiOJCWdIpOucG3qBf3RCBFMkGDb1CanUi2BxCxjnkpzU3/hLWPT8VO5EKsMk9Fxg==}

snapshots:

  '@types/node@24.0.12':
    dependencies:
      undici-types: 7.8.0

  '@types/vscode@1.101.0': {}

  typescript@5.8.3: {}

  undici-types@7.8.0: {}

  web-tree-sitter@0.25.6: {}
